
Microsoft Visual Studio Solution File, Format Version 12.00
# Visual Studio 15
VisualStudioVersion = 15.0.28307.421
MinimumVisualStudioVersion = 10.0.40219.1
Project("{2150E333-8FDC-42A3-9474-1A3956D46DE8}") = "src", "src", "{01A3BD1A-5FB5-4DAC-8AE5-E04D052DAB13}"
EndProject
Project("{2150E333-8FDC-42A3-9474-1A3956D46DE8}") = "test", "test", "{7CC4033C-35ED-4D93-B4CD-68FF0AF7CB91}"
EndProject
Project("{FAE04EC0-301F-11D3-BF4B-00C04F79EFBC}") = "AspnetRun.Core", "src\AspnetRun.Core\AspnetRun.Core.csproj", "{2CC7AC1C-DDA2-4BF5-8D46-E8881DAA811E}"
EndProject
Project("{FAE04EC0-301F-11D3-BF4B-00C04F79EFBC}") = "AspnetRun.Application", "src\AspnetRun.Application\AspnetRun.Application.csproj", "{13D34DC5-E8C8-4299-9FAE-619CCDD6ED0B}"
EndProject
Project("{FAE04EC0-301F-11D3-BF4B-00C04F79EFBC}") = "AspnetRun.Infrastructure", "src\AspnetRun.Infrastructure\AspnetRun.Infrastructure.csproj", "{7CB23810-1F4B-4940-891C-59707F2D1A72}"
EndProject
Project("{FAE04EC0-301F-11D3-BF4B-00C04F79EFBC}") = "AspnetRun.Tests", "test\AspnetRun.Tests\AspnetRun.Tests.csproj", "{EBF74087-D852-48B3-9019-F54609F35A76}"
EndProject
Global
	GlobalSection(SolutionConfigurationPlatforms) = preSolution
		Debug|Any CPU = Debug|Any CPU
		Release|Any CPU = Release|Any CPU
	EndGlobalSection
	GlobalSection(ProjectConfigurationPlatforms) = postSolution
		{2CC7AC1C-DDA2-4BF5-8D46-E8881DAA811E}.Debug|Any CPU.ActiveCfg = Debug|Any CPU
		{2CC7AC1C-DDA2-4BF5-8D46-E8881DAA811E}.Debug|Any CPU.Build.0 = Debug|Any CPU
		{2CC7AC1C-DDA2-4BF5-8D46-E8881DAA811E}.Release|Any CPU.ActiveCfg = Release|Any CPU
		{2CC7AC1C-DDA2-4BF5-8D46-E8881DAA811E}.Release|Any CPU.Build.0 = Release|Any CPU
		{13D34DC5-E8C8-4299-9FAE-619CCDD6ED0B}.Debug|Any CPU.ActiveCfg = Debug|Any CPU
		{13D34DC5-E8C8-4299-9FAE-619CCDD6ED0B}.Debug|Any CPU.Build.0 = Debug|Any CPU
		{13D34DC5-E8C8-4299-9FAE-619CCDD6ED0B}.Release|Any CPU.ActiveCfg = Release|Any CPU
		{13D34DC5-E8C8-4299-9FAE-619CCDD6ED0B}.Release|Any CPU.Build.0 = Release|Any CPU
		{7CB23810-1F4B-4940-891C-59707F2D1A72}.Debug|Any CPU.ActiveCfg = Debug|Any CPU
		{7CB23810-1F4B-4940-891C-59707F2D1A72}.Debug|Any CPU.Build.0 = Debug|Any CPU
		{7CB23810-1F4B-4940-891C-59707F2D1A72}.Release|Any CPU.ActiveCfg = Release|Any CPU
		{7CB23810-1F4B-4940-891C-59707F2D1A72}.Release|Any CPU.Build.0 = Release|Any CPU
		{EBF74087-D852-48B3-9019-F54609F35A76}.Debug|Any CPU.ActiveCfg = Debug|Any CPU
		{EBF74087-D852-48B3-9019-F54609F35A76}.Debug|Any CPU.Build.0 = Debug|Any CPU
		{EBF74087-D852-48B3-9019-F54609F35A76}.Release|Any CPU.ActiveCfg = Release|Any CPU
		{EBF74087-D852-48B3-9019-F54609F35A76}.Release|Any CPU.Build.0 = Release|Any CPU
	EndGlobalSection
	GlobalSection(SolutionProperties) = preSolution
		HideSolutionNode = FALSE
	EndGlobalSection
	GlobalSection(NestedProjects) = preSolution
		{2CC7AC1C-DDA2-4BF5-8D46-E8881DAA811E} = {01A3BD1A-5FB5-4DAC-8AE5-E04D052DAB13}
		{13D34DC5-E8C8-4299-9FAE-619CCDD6ED0B} = {01A3BD1A-5FB5-4DAC-8AE5-E04D052DAB13}
		{7CB23810-1F4B-4940-891C-59707F2D1A72} = {01A3BD1A-5FB5-4DAC-8AE5-E04D052DAB13}
		{EBF74087-D852-48B3-9019-F54609F35A76} = {7CC4033C-35ED-4D93-B4CD-68FF0AF7CB91}
	EndGlobalSection
	GlobalSection(ExtensibilityGlobals) = postSolution
		SolutionGuid = {B8BE9427-55CD-4306-809D-6512B49A7F30}
	EndGlobalSection
EndGlobal
